
Microsoft Visual Studio Solution File, Format Version 12.00
# Visual Studio 2012
Project("{FAE04EC0-301F-11D3-BF4B-00C04F79EFBC}") = "Harby_0.0", "Harby_0.0\Harby_0.0.csproj", "{C687D7CA-4A30-40F6-8C26-72BC1BDB1EB8}"
EndProject
Global
	GlobalSection(SolutionConfigurationPlatforms) = preSolution
		Debug|Any CPU = Debug|Any CPU
		Release|Any CPU = Release|Any CPU
	EndGlobalSection
	GlobalSection(ProjectConfigurationPlatforms) = postSolution
		{C687D7CA-4A30-40F6-8C26-72BC1BDB1EB8}.Debug|Any CPU.ActiveCfg = Debug|Any CPU
		{C687D7CA-4A30-40F6-8C26-72BC1BDB1EB8}.Debug|Any CPU.Build.0 = Debug|Any CPU
		{C687D7CA-4A30-40F6-8C26-72BC1BDB1EB8}.Release|Any CPU.ActiveCfg = Release|Any CPU
		{C687D7CA-4A30-40F6-8C26-72BC1BDB1EB8}.Release|Any CPU.Build.0 = Release|Any CPU
	EndGlobalSection
	GlobalSection(SolutionProperties) = preSolution
		HideSolutionNode = FALSE
	EndGlobalSection
EndGlobal
